<?xml version="1.0" encoding="utf-8"?>
<Project ToolsVersion="4.0" xmlns="http://schemas.microsoft.com/developer/msbuild/2003">
  <ItemGroup>
    <Filter Include="Source Files">
      <UniqueIdentifier>{4FC737F1-C7A5-4376-A066-2A32D752A2FF}</UniqueIdentifier>
      <Extensions>cpp;c;cc;cxx;def;odl;idl;hpj;bat;asm;asmx</Extensions>
    </Filter>
    <Filter Include="Header Files">
      <UniqueIdentifier>{93995380-89BD-4b04-88EB-625FBE52EBFB}</UniqueIdentifier>
      <Extensions>h;hh;hpp;hxx;hm;inl;inc;ipp;xsd</Extensions>
    </Filter>
    <Filter Include="Header Files\bvh">
      <UniqueIdentifier>{8a67ed6b-46c8-47e2-8114-194019ae242a}</UniqueIdentifier>
    </Filter>
    <Filter Include="Header Files\bvh\partitioner_internal">
      <UniqueIdentifier>{3601a784-afd6-45b7-916c-82888683e2a5}</UniqueIdentifier>
    </Filter>
    <Filter Include="Source Files\external">
      <UniqueIdentifier>{5176341d-1102-4489-a68a-a227d8f1a47b}</UniqueIdentifier>
    </Filter>
  </ItemGroup>
  <ItemGroup>
    <ClCompile Include="main.cpp">
      <Filter>Source Files</Filter>
    </ClCompile>
    <ClCompile Include="Game.cpp">
      <Filter>Source Files</Filter>
    </ClCompile>
    <ClCompile Include="Graphics.cpp">
      <Filter>Source Files</Filter>
    </ClCompile>
    <ClCompile Include="Physics.cpp">
      <Filter>Source Files</Filter>
    </ClCompile>
    <ClCompile Include="bvh\box_partitioner.cpp">
      <Filter>Source Files</Filter>
    </ClCompile>
    <ClCompile Include="Audio.cpp">
      <Filter>Source Files</Filter>
    </ClCompile>
    <ClCompile Include="$(ImGUIFolder)examples\imgui_impl_opengl3.cpp">
      <Filter>Source Files</Filter>
    </ClCompile>
  </ItemGroup>
  <ItemGroup>
    <ClInclude Include="Game.h">
      <Filter>Header Files</Filter>
    </ClInclude>
    <ClInclude Include="Assert.h">
      <Filter>Header Files</Filter>
    </ClInclude>
    <ClInclude Include="ComponentTypes.h">
      <Filter>Header Files</Filter>
    </ClInclude>
    <ClInclude Include="Power2.h">
      <Filter>Header Files</Filter>
    </ClInclude>
    <ClInclude Include="Bits.h">
      <Filter>Header Files</Filter>
    </ClInclude>
    <ClInclude Include="Graphics.h">
      <Filter>Header Files</Filter>
    </ClInclude>
    <ClInclude Include="Physics.h">
      <Filter>Header Files</Filter>
    </ClInclude>
    <ClInclude Include="Component.h">
      <Filter>Header Files</Filter>
    </ClInclude>
    <ClInclude Include="bvh\box_partitioner_internal.h">
      <Filter>Header Files\bvh\partitioner_internal</Filter>
    </ClInclude>
    <ClInclude Include="bvh\box_partitioner_sse2.h">
      <Filter>Header Files\bvh\partitioner_internal</Filter>
    </ClInclude>
    <ClInclude Include="bvh\box_partitioner.h">
      <Filter>Header Files\bvh</Filter>
    </ClInclude>
    <ClInclude Include="bvh\spatial_tree.h">
      <Filter>Header Files\bvh</Filter>
    </ClInclude>
    <ClInclude Include="bvh\spatial_tree_common.h">
      <Filter>Header Files\bvh</Filter>
    </ClInclude>
    <ClInclude Include="apply_permutation.h">
      <Filter>Header Files</Filter>
    </ClInclude>
    <ClInclude Include="zip_iterator.h">
      <Filter>Header Files</Filter>
    </ClInclude>
    <ClInclude Include="tuple_for_each.h">
      <Filter>Header Files</Filter>
    </ClInclude>
    <ClInclude Include="Audio.h">
      <Filter>Header Files</Filter>
    </ClInclude>
    <ClInclude Include="$(ImGUIFolder)examples\imgui_impl_opengl3.h">
      <Filter>Header Files</Filter>
    </ClInclude>
  </ItemGroup>
  <ItemGroup>
    <None Include="shaders\scene_defines.glsl">
      <Filter>Header Files</Filter>
    </None>
    <None Include="shaders\bvh_node.glsl">
      <Filter>Header Files\bvh</Filter>
    </None>
  </ItemGroup>
  <ItemGroup>
    <Natvis Include="..\external\glm\0.9.9.6\util\glm.natvis" />
  </ItemGroup>
</Project>